# E16 fidelity-harness tooling for Python 3.13 (DD-419). Not installed in the application image.
# Install into a development environment with: pip install -r requirements-fidelity.lock
# The hash below is the win_amd64 wheel reviewed on 2026-10-01; other platforms need their own reviewed hash.
pypdfium2==5.13.0 ; sys_platform == 'win32' --hash=sha256:47dcca2a8d507b5fd24f94c3c9d48fb379430f097bc20f01beff6c963ffbcedb
pypdfium2==5.13.0 ; sys_platform != 'win32'
